
Microsoft Visual Studio Solution File, Format Version 12.00
# Visual Studio Version 17
VisualStudioVersion = 17.1.32127.271
MinimumVisualStudioVersion = 10.0.40219.1
Project("{9A19103F-16F7-4668-BE54-9A1E7A4F7556}") = "4_Prototype", "4_Prototype.csproj", "{18CA0791-F9BE-465E-ABF0-60895EA1CFD2}"
EndProject
Global
	GlobalSection(SolutionConfigurationPlatforms) = preSolution
		Debug|Any CPU = Debug|Any CPU
		Release|Any CPU = Release|Any CPU
	EndGlobalSection
	GlobalSection(ProjectConfigurationPlatforms) = postSolution
		{18CA0791-F9BE-465E-ABF0-60895EA1CFD2}.Debug|Any CPU.ActiveCfg = Debug|Any CPU
		{18CA0791-F9BE-465E-ABF0-60895EA1CFD2}.Debug|Any CPU.Build.0 = Debug|Any CPU
		{18CA0791-F9BE-465E-ABF0-60895EA1CFD2}.Release|Any CPU.ActiveCfg = Release|Any CPU
		{18CA0791-F9BE-465E-ABF0-60895EA1CFD2}.Release|Any CPU.Build.0 = Release|Any CPU
	EndGlobalSection
	GlobalSection(SolutionProperties) = preSolution
		HideSolutionNode = FALSE
	EndGlobalSection
	GlobalSection(ExtensibilityGlobals) = postSolution
		SolutionGuid = {087E7AFF-7265-4E17-8F43-689D6A2D152D}
	EndGlobalSection
EndGlobal
