
Microsoft Visual Studio Solution File, Format Version 12.00
# Visual Studio Version 16
VisualStudioVersion = 16.0.30611.23
MinimumVisualStudioVersion = 10.0.40219.1
Project("{9A19103F-16F7-4668-BE54-9A1E7A4F7556}") = "5_TemplateMethod1", "TemplateMethod_end\5_TemplateMethod1.csproj", "{BDFEF343-AB44-41C8-B1D7-D03B28A60FD5}"
EndProject
Project("{9A19103F-16F7-4668-BE54-9A1E7A4F7556}") = "5_TemplateMethod2", "5_TemplateMethod2\5_TemplateMethod2.csproj", "{84F06807-638F-4A2F-B9E7-177FBAA95217}"
EndProject
Global
	GlobalSection(SolutionConfigurationPlatforms) = preSolution
		Debug|Any CPU = Debug|Any CPU
		Release|Any CPU = Release|Any CPU
	EndGlobalSection
	GlobalSection(ProjectConfigurationPlatforms) = postSolution
		{BDFEF343-AB44-41C8-B1D7-D03B28A60FD5}.Debug|Any CPU.ActiveCfg = Debug|Any CPU
		{BDFEF343-AB44-41C8-B1D7-D03B28A60FD5}.Debug|Any CPU.Build.0 = Debug|Any CPU
		{BDFEF343-AB44-41C8-B1D7-D03B28A60FD5}.Release|Any CPU.ActiveCfg = Release|Any CPU
		{BDFEF343-AB44-41C8-B1D7-D03B28A60FD5}.Release|Any CPU.Build.0 = Release|Any CPU
		{84F06807-638F-4A2F-B9E7-177FBAA95217}.Debug|Any CPU.ActiveCfg = Debug|Any CPU
		{84F06807-638F-4A2F-B9E7-177FBAA95217}.Debug|Any CPU.Build.0 = Debug|Any CPU
		{84F06807-638F-4A2F-B9E7-177FBAA95217}.Release|Any CPU.ActiveCfg = Release|Any CPU
		{84F06807-638F-4A2F-B9E7-177FBAA95217}.Release|Any CPU.Build.0 = Release|Any CPU
	EndGlobalSection
	GlobalSection(SolutionProperties) = preSolution
		HideSolutionNode = FALSE
	EndGlobalSection
	GlobalSection(ExtensibilityGlobals) = postSolution
		SolutionGuid = {0E4BCFC9-7407-47B8-827F-C5B6DF089216}
	EndGlobalSection
EndGlobal
